{
  "version": 1,
  "dependencies": {
    "net10.0-windows7.0": {
      "Nefarius.Drivers.HidHide": {
        "type": "Direct",
        "requested": "[3.4.0, )",
        "resolved": "3.4.0",
        "contentHash": "nlPmPQKtDK71zL+rfIbKyUKbMgxnOfPs1P82yqKKfv8NqUQbJKcUrYtBoqmg8oNH/pEeEojBcXnC4SmWUoJajQ==",
        "dependencies": {
          "Microsoft.Extensions.Logging.Abstractions": "10.0.8",
          "Nefarius.Utilities.DeviceManagement": "5.2.0",
          "Nefarius.Vicius.Abstractions": "1.4.1"
        }
      },
      "Nefarius.Utilities.DeviceManagement": {
        "type": "Direct",
        "requested": "[6.1.0, )",
        "resolved": "6.1.0",
        "contentHash": "RlT/81XufI//vF374U1211wHq6+FYh4y/+A4LpGapgDKxJLspa07+7PSR5L5oReHNNsNK3rPfbTXsX9bayFgBA=="
      },
      "Nefarius.ViGEm.Client": {
        "type": "Direct",
        "requested": "[1.21.256, )",
        "resolved": "1.21.256",
        "contentHash": "VJMO6hkalOZ7YdXTwcR881aTgPZlN7thEs3x6CWE/kEu7SdE5bY7QuDXkR2eqXfPAee4NrxInIAqa45PorpTsA=="
      },
      "Newtonsoft.Json": {
        "type": "Direct",
        "requested": "[13.0.4, )",
        "resolved": "13.0.4",
        "contentHash": "pdgNNMai3zv51W5aq268sujXUyx7SNdE2bj1wZcWjAQrKMFZV260lbqYop1d2GM67JI1huLRwxo9ZqnfF/lC6A=="
      },
      "NJsonSchema.Annotations": {
        "type": "Direct",
        "requested": "[11.3.2, )",
        "resolved": "11.3.2",
        "contentHash": "rSwQFKdLlq/lbAJfYqI5KBE46KJCbc99L6G9XM1nVpCOxE0eoaNE8+fkJ7Ws+I5VqP7oEPGKXTR3Q7PmYoeTDA=="
      },
      "ppy.SDL2-CS": {
        "type": "Direct",
        "requested": "[1.0.741-alpha, )",
        "resolved": "1.0.741-alpha",
        "contentHash": "6mjubcZCHcYRog2nit9gmcQss7hTprnAvfR9U3UmCcEi1KoNyzKDuI862mNae0dmgLPviSubywG08e54jT52Lg=="
      },
      "Vortice.XInput": {
        "type": "Direct",
        "requested": "[3.8.3, )",
        "resolved": "3.8.3",
        "contentHash": "ViuQjqlwaOvqPhmbFqnXDf4ItM7jvPFLLqtmtCP37aWwvyxQa7xuYeWQs2Oi5IEfUxfb6JZj5IRwGjxERRIoaA=="
      },
      "Microsoft.Extensions.DependencyInjection.Abstractions": {
        "type": "Transitive",
        "resolved": "10.0.8",
        "contentHash": "21nbDV60SRPWGIivsyl6lqBeEJNG1sginhhfWgRrr3Ais7aQ12To25OAHQxgoiJkjqy1aQ6RxpZBGYuTi7Ge6A=="
      },
      "Microsoft.Extensions.Logging.Abstractions": {
        "type": "Transitive",
        "resolved": "10.0.8",
        "contentHash": "fdVadZmsC8jRP0KvKy8mO8f6GV/HyBvElfcSxEhd+5FM5boAw/01iSaCto5G3G37ApJira4A3pNaVvBv8cUiLQ==",
        "dependencies": {
          "Microsoft.Extensions.DependencyInjection.Abstractions": "10.0.8"
        }
      },
      "Nefarius.Vicius.Abstractions": {
        "type": "Transitive",
        "resolved": "1.4.1",
        "contentHash": "NnzB+MHb9WCdOQ856QlgB59l9O/lb9iGU7l7Sq7Zxg8fg62IfdRI0bwRwRDeKGtpm3dbOZtonuO6gVvm0DbzNA==",
        "dependencies": {
          "System.ComponentModel.Annotations": "5.0.0"
        }
      },
      "System.ComponentModel.Annotations": {
        "type": "Transitive",
        "resolved": "5.0.0",
        "contentHash": "dMkqfy2el8A8/I76n2Hi1oBFEbG1SfxD2l5nhwXV3XjlnOmwxJlQbYpJH4W51odnU9sARCSAgv7S3CyAFMkpYg=="
      }
    },
    "net10.0-windows7.0/win-x64": {
      "ppy.SDL2-CS": {
        "type": "Direct",
        "requested": "[1.0.741-alpha, )",
        "resolved": "1.0.741-alpha",
        "contentHash": "6mjubcZCHcYRog2nit9gmcQss7hTprnAvfR9U3UmCcEi1KoNyzKDuI862mNae0dmgLPviSubywG08e54jT52Lg=="
      }
    }
  }
}